# THIS IS AN AUTOGENERATED FILE. DO NOT EDIT THIS FILE DIRECTLY.
# yarn lockfile v1


bindings@~1.2.0:
  version "1.2.1"
  resolved "https://registry.yarnpkg.com/bindings/-/bindings-1.2.1.tgz#14ad6113812d2d37d72e67b4cacb4bb726505f11"

compress-buffer@^1.2.2:
  version "1.2.2"
  resolved "https://registry.yarnpkg.com/compress-buffer/-/compress-buffer-1.2.2.tgz#2d16f8466a54cbd09192e68fc9244a2393da023e"
  dependencies:
    bindings "~1.2.0"

zlib@^1.0.5:
  version "1.0.5"
  resolved "https://registry.yarnpkg.com/zlib/-/zlib-1.0.5.tgz#6e7c972fc371c645a6afb03ab14769def114fcc0"
